
Microsoft Visual Studio Solution File, Format Version 12.00
# Visual Studio Version 16
VisualStudioVersion = 16.0.30413.136
MinimumVisualStudioVersion = 10.0.40219.1
Project("{FAE04EC0-301F-11D3-BF4B-00C04F79EFBC}") = "Nelinurk", "Nelinurk.csproj", "{C57BE2C9-E0BE-487D-A54A-3F04A2E55BF6}"
EndProject
Global
	GlobalSection(SolutionConfigurationPlatforms) = preSolution
		Debug|Any CPU = Debug|Any CPU
		Release|Any CPU = Release|Any CPU
	EndGlobalSection
	GlobalSection(ProjectConfigurationPlatforms) = postSolution
		{C57BE2C9-E0BE-487D-A54A-3F04A2E55BF6}.Debug|Any CPU.ActiveCfg = Debug|Any CPU
		{C57BE2C9-E0BE-487D-A54A-3F04A2E55BF6}.Debug|Any CPU.Build.0 = Debug|Any CPU
		{C57BE2C9-E0BE-487D-A54A-3F04A2E55BF6}.Release|Any CPU.ActiveCfg = Release|Any CPU
		{C57BE2C9-E0BE-487D-A54A-3F04A2E55BF6}.Release|Any CPU.Build.0 = Release|Any CPU
	EndGlobalSection
	GlobalSection(SolutionProperties) = preSolution
		HideSolutionNode = FALSE
	EndGlobalSection
	GlobalSection(ExtensibilityGlobals) = postSolution
		SolutionGuid = {DC235383-EDEC-49EA-B4AA-0AE510763CB7}
	EndGlobalSection
EndGlobal
